// !$*UTF8*$!
{
	archiveVersion = 1;
	classes = {
	};
	objectVersion = 55;
	objects = {

/* Begin PBXBuildFile section */
		8496E5A82860612D0060A45A /* AppDelegate.swift in Sources */ = {isa = PBXBuildFile; fileRef = 8496E5A72860612D0060A45A /* AppDelegate.swift */; };
		8496E5AA2860612D0060A45A /* SceneDelegate.swift in Sources */ = {isa = PBXBuildFile; fileRef = 8496E5A92860612D0060A45A /* SceneDelegate.swift */; };
		8496E5AC2860612D0060A45A /* ViewController.swift in Sources */ = {isa = PBXBuildFile; fileRef = 8496E5AB2860612D0060A45A /* ViewController.swift */; };
		8496E5AF2860612D0060A45A /* Main.storyboard in Resources */ = {isa = PBXBuildFile; fileRef = 8496E5AD2860612D0060A45A /* Main.storyboard */; };
		8496E5B12860612F0060A45A /* Assets.xcassets in Resources */ = {isa = PBXBuildFile; fileRef = 8496E5B02860612F0060A45A /* Assets.xcassets */; };
		8496E5B42860612F0060A45A /* LaunchScreen.storyboard in Resources */ = {isa = PBXBuildFile; fileRef = 8496E5B22860612F0060A45A /* LaunchScreen.storyboard */; };
		8496E5BF2860612F0060A45A /* Yu_Gi_OhApiTests.swift in Sources */ = {isa = PBXBuildFile; fileRef = 8496E5BE2860612F0060A45A /* Yu_Gi_OhApiTests.swift */; };
		8496E5C92860612F0060A45A /* Yu_Gi_OhApiUITests.swift in Sources */ = {isa = PBXBuildFile; fileRef = 8496E5C82860612F0060A45A /* Yu_Gi_OhApiUITests.swift */; };
		8496E5CB2860612F0060A45A /* Yu_Gi_OhApiUITestsLaunchTests.swift in Sources */ = {isa = PBXBuildFile; fileRef = 8496E5CA2860612F0060A45A /* Yu_Gi_OhApiUITestsLaunchTests.swift */; };
/* End PBXBuildFile section */

/* Begin PBXContainerItemProxy section */
		8496E5BB2860612F0060A45A /* PBXContainerItemProxy */ = {
			isa = PBXContainerItemProxy;
			containerPortal = 8496E59C2860612D0060A45A /* Project object */;
			proxyType = 1;
			remoteGlobalIDString = 8496E5A32860612D0060A45A;
			remoteInfo = "Yu-Gi-OhApi";
		};
		8496E5C52860612F0060A45A /* PBXContainerItemProxy */ = {
			isa = PBXContainerItemProxy;
			containerPortal = 8496E59C2860612D0060A45A /* Project object */;
			proxyType = 1;
			remoteGlobalIDString = 8496E5A32860612D0060A45A;
			remoteInfo = "Yu-Gi-OhApi";
		};
/* End PBXContainerItemProxy section */

/* Begin PBXFileReference section */
		8496E5A42860612D0060A45A /* Yu-Gi-OhApi.app */ = {isa = PBXFileReference; explicitFileType = wrapper.application; includeInIndex = 0; path = "Yu-Gi-OhApi.app"; sourceTree = BUILT_PRODUCTS_DIR; };
		8496E5A72860612D0060A45A /* AppDelegate.swift */ = {isa = PBXFileReference; lastKnownFileType = sourcecode.swift; path = AppDelegate.swift; sourceTree = "<group>"; };
		8496E5A92860612D0060A45A /* SceneDelegate.swift */ = {isa = PBXFileReference; lastKnownFileType = sourcecode.swift; path = SceneDelegate.swift; sourceTree = "<group>"; };
		8496E5AB2860612D0060A45A /* ViewController.swift */ = {isa = PBXFileReference; lastKnownFileType = sourcecode.swift; path = ViewController.swift; sourceTree = "<group>"; };
		8496E5AE2860612D0060A45A /* Base */ = {isa = PBXFileReference; lastKnownFileType = file.storyboard; name = Base; path = Base.lproj/Main.storyboard; sourceTree = "<group>"; };
		8496E5B02860612F0060A45A /* Assets.xcassets */ = {isa = PBXFileReference; lastKnownFileType = folder.assetcatalog; path = Assets.xcassets; sourceTree = "<group>"; };
		8496E5B32860612F0060A45A /* Base */ = {isa = PBXFileReference; lastKnownFileType = file.storyboard; name = Base; path = Base.lproj/LaunchScreen.storyboard; sourceTree = "<group>"; };
		8496E5B52860612F0060A45A /* Info.plist */ = {isa = PBXFileReference; lastKnownFileType = text.plist.xml; path = Info.plist; sourceTree = "<group>"; };
		8496E5BA2860612F0060A45A /* Yu-Gi-OhApiTests.xctest */ = {isa = PBXFileReference; explicitFileType = wrapper.cfbundle; includeInIndex = 0; path = "Yu-Gi-OhApiTests.xctest"; sourceTree = BUILT_PRODUCTS_DIR; };
		8496E5BE2860612F0060A45A /* Yu_Gi_OhApiTests.swift */ = {isa = PBXFileReference; lastKnownFileType = sourcecode.swift; path = Yu_Gi_OhApiTests.swift; sourceTree = "<group>"; };
		8496E5C42860612F0060A45A /* Yu-Gi-OhApiUITests.xctest */ = {isa = PBXFileReference; explicitFileType = wrapper.cfbundle; includeInIndex = 0; path = "Yu-Gi-OhApiUITests.xctest"; sourceTree = BUILT_PRODUCTS_DIR; };
		8496E5C82860612F0060A45A /* Yu_Gi_OhApiUITests.swift */ = {isa = PBXFileReference; lastKnownFileType = sourcecode.swift; path = Yu_Gi_OhApiUITests.swift; sourceTree = "<group>"; };
		8496E5CA2860612F0060A45A /* Yu_Gi_OhApiUITestsLaunchTests.swift */ = {isa = PBXFileReference; lastKnownFileType = sourcecode.swift; path = Yu_Gi_OhApiUITestsLaunchTests.swift; sourceTree = "<group>"; };
/* End PBXFileReference section */

/* Begin PBXFrameworksBuildPhase section */
		8496E5A12860612D0060A45A /* Frameworks */ = {
			isa = PBXFrameworksBuildPhase;
			buildActionMask = 2147483647;
			files = (
			);
			runOnlyForDeploymentPostprocessing = 0;
		};
		8496E5B72860612F0060A45A /* Frameworks */ = {
			isa = PBXFrameworksBuildPhase;
			buildActionMask = 2147483647;
			files = (
			);
			runOnlyForDeploymentPostprocessing = 0;
		};
		8496E5C12860612F0060A45A /* Frameworks */ = {
			isa = PBXFrameworksBuildPhase;
			buildActionMask = 2147483647;
			files = (
			);
			runOnlyForDeploymentPostprocessing = 0;
		};
/* End PBXFrameworksBuildPhase section */

/* Begin PBXGroup section */
		8496E59B2860612D0060A45A = {
			isa = PBXGroup;
			children = (
				8496E5A62860612D0060A45A /* Yu-Gi-OhApi */,
				8496E5BD2860612F0060A45A /* Yu-Gi-OhApiTests */,
				8496E5C72860612F0060A45A /* Yu-Gi-OhApiUITests */,
				8496E5A52860612D0060A45A /* Products */,
			);
			sourceTree = "<group>";
		};
		8496E5A52860612D0060A45A /* Products */ = {
			isa = PBXGroup;
			children = (
				8496E5A42860612D0060A45A /* Yu-Gi-OhApi.app */,
				8496E5BA2860612F0060A45A /* Yu-Gi-OhApiTests.xctest */,
				8496E5C42860612F0060A45A /* Yu-Gi-OhApiUITests.xctest */,
			);
			name = Products;
			sourceTree = "<group>";
		};
		8496E5A62860612D0060A45A /* Yu-Gi-OhApi */ = {
			isa = PBXGroup;
			children = (
				8496E5A72860612D0060A45A /* AppDelegate.swift */,
				8496E5A92860612D0060A45A /* SceneDelegate.swift */,
				8496E5AB2860612D0060A45A /* ViewController.swift */,
				8496E5AD2860612D0060A45A /* Main.storyboard */,
				8496E5B02860612F0060A45A /* Assets.xcassets */,
				8496E5B22860612F0060A45A /* LaunchScreen.storyboard */,
				8496E5B52860612F0060A45A /* Info.plist */,
			);
			path = "Yu-Gi-OhApi";
			sourceTree = "<group>";
		};
		8496E5BD2860612F0060A45A /* Yu-Gi-OhApiTests */ = {
			isa = PBXGroup;
			children = (
				8496E5BE2860612F0060A45A /* Yu_Gi_OhApiTests.swift */,
			);
			path = "Yu-Gi-OhApiTests";
			sourceTree = "<group>";
		};
		8496E5C72860612F0060A45A /* Yu-Gi-OhApiUITests */ = {
			isa = PBXGroup;
			children = (
				8496E5C82860612F0060A45A /* Yu_Gi_OhApiUITests.swift */,
				8496E5CA2860612F0060A45A /* Yu_Gi_OhApiUITestsLaunchTests.swift */,
			);
			path = "Yu-Gi-OhApiUITests";
			sourceTree = "<group>";
		};
/* End PBXGroup section */

/* Begin PBXNativeTarget section */
		8496E5A32860612D0060A45A /* Yu-Gi-OhApi */ = {
			isa = PBXNativeTarget;
			buildConfigurationList = 8496E5CE2860612F0060A45A /* Build configuration list for PBXNativeTarget "Yu-Gi-OhApi" */;
			buildPhases = (
				8496E5A02860612D0060A45A /* Sources */,
				8496E5A12860612D0060A45A /* Frameworks */,
				8496E5A22860612D0060A45A /* Resources */,
			);
			buildRules = (
			);
			dependencies = (
			);
			name = "Yu-Gi-OhApi";
			productName = "Yu-Gi-OhApi";
			productReference = 8496E5A42860612D0060A45A /* Yu-Gi-OhApi.app */;
			productType = "com.apple.product-type.application";
		};
		8496E5B92860612F0060A45A /* Yu-Gi-OhApiTests */ = {
			isa = PBXNativeTarget;
			buildConfigurationList = 8496E5D12860612F0060A45A /* Build configuration list for PBXNativeTarget "Yu-Gi-OhApiTests" */;
			buildPhases = (
				8496E5B62860612F0060A45A /* Sources */,
				8496E5B72860612F0060A45A /* Frameworks */,
				8496E5B82860612F0060A45A /* Resources */,
			);
			buildRules = (
			);
			dependencies = (
				8496E5BC2860612F0060A45A /* PBXTargetDependency */,
			);
			name = "Yu-Gi-OhApiTests";
			productName = "Yu-Gi-OhApiTests";
			productReference = 8496E5BA2860612F0060A45A /* Yu-Gi-OhApiTests.xctest */;
			productType = "com.apple.product-type.bundle.unit-test";
		};
		8496E5C32860612F0060A45A /* Yu-Gi-OhApiUITests */ = {
			isa = PBXNativeTarget;
			buildConfigurationList = 8496E5D42860612F0060A45A /* Build configuration list for PBXNativeTarget "Yu-Gi-OhApiUITests" */;
			buildPhases = (
				8496E5C02860612F0060A45A /* Sources */,
				8496E5C12860612F0060A45A /* Frameworks */,
				8496E5C22860612F0060A45A /* Resources */,
			);
			buildRules = (
			);
			dependencies = (
				8496E5C62860612F0060A45A /* PBXTargetDependency */,
			);
			name = "Yu-Gi-OhApiUITests";
			productName = "Yu-Gi-OhApiUITests";
			productReference = 8496E5C42860612F0060A45A /* Yu-Gi-OhApiUITests.xctest */;
			productType = "com.apple.product-type.bundle.ui-testing";
		};
/* End PBXNativeTarget section */

/* Begin PBXProject section */
		8496E59C2860612D0060A45A /* Project object */ = {
			isa = PBXProject;
			attributes = {
				BuildIndependentTargetsInParallel = 1;
				LastSwiftUpdateCheck = 1340;
				LastUpgradeCheck = 1340;
				TargetAttributes = {
					8496E5A32860612D0060A45A = {
						CreatedOnToolsVersion = 13.4.1;
					};
					8496E5B92860612F0060A45A = {
						CreatedOnToolsVersion = 13.4.1;
						TestTargetID = 8496E5A32860612D0060A45A;
					};
					8496E5C32860612F0060A45A = {
						CreatedOnToolsVersion = 13.4.1;
						TestTargetID = 8496E5A32860612D0060A45A;
					};
				};
			};
			buildConfigurationList = 8496E59F2860612D0060A45A /* Build configuration list for PBXProject "Yu-Gi-OhApi" */;
			compatibilityVersion = "Xcode 13.0";
			developmentRegion = en;
			hasScannedForEncodings = 0;
			knownRegions = (
				en,
				Base,
			);
			mainGroup = 8496E59B2860612D0060A45A;
			productRefGroup = 8496E5A52860612D0060A45A /* Products */;
			projectDirPath = "";
			projectRoot = "";
			targets = (
				8496E5A32860612D0060A45A /* Yu-Gi-OhApi */,
				8496E5B92860612F0060A45A /* Yu-Gi-OhApiTests */,
				8496E5C32860612F0060A45A /* Yu-Gi-OhApiUITests */,
			);
		};
/* End PBXProject section */

/* Begin PBXResourcesBuildPhase section */
		8496E5A22860612D0060A45A /* Resources */ = {
			isa = PBXResourcesBuildPhase;
			buildActionMask = 2147483647;
			files = (
				8496E5B42860612F0060A45A /* LaunchScreen.storyboard in Resources */,
				8496E5B12860612F0060A45A /* Assets.xcassets in Resources */,
				8496E5AF2860612D0060A45A /* Main.storyboard in Resources */,
			);
			runOnlyForDeploymentPostprocessing = 0;
		};
		8496E5B82860612F0060A45A /* Resources */ = {
			isa = PBXResourcesBuildPhase;
			buildActionMask = 2147483647;
			files = (
			);
			runOnlyForDeploymentPostprocessing = 0;
		};
		8496E5C22860612F0060A45A /* Resources */ = {
			isa = PBXResourcesBuildPhase;
			buildActionMask = 2147483647;
			files = (
			);
			runOnlyForDeploymentPostprocessing = 0;
		};
/* End PBXResourcesBuildPhase section */

/* Begin PBXSourcesBuildPhase section */
		8496E5A02860612D0060A45A /* Sources */ = {
			isa = PBXSourcesBuildPhase;
			buildActionMask = 2147483647;
			files = (
				8496E5AC2860612D0060A45A /* ViewController.swift in Sources */,
				8496E5A82860612D0060A45A /* AppDelegate.swift in Sources */,
				8496E5AA2860612D0060A45A /* SceneDelegate.swift in Sources */,
			);
			runOnlyForDeploymentPostprocessing = 0;
		};
		8496E5B62860612F0060A45A /* Sources */ = {
			isa = PBXSourcesBuildPhase;
			buildActionMask = 2147483647;
			files = (
				8496E5BF2860612F0060A45A /* Yu_Gi_OhApiTests.swift in Sources */,
			);
			runOnlyForDeploymentPostprocessing = 0;
		};
		8496E5C02860612F0060A45A /* Sources */ = {
			isa = PBXSourcesBuildPhase;
			buildActionMask = 2147483647;
			files = (
				8496E5CB2860612F0060A45A /* Yu_Gi_OhApiUITestsLaunchTests.swift in Sources */,
				8496E5C92860612F0060A45A /* Yu_Gi_OhApiUITests.swift in Sources */,
			);
			runOnlyForDeploymentPostprocessing = 0;
		};
/* End PBXSourcesBuildPhase section */

/* Begin PBXTargetDependency section */
		8496E5BC2860612F0060A45A /* PBXTargetDependency */ = {
			isa = PBXTargetDependency;
			target = 8496E5A32860612D0060A45A /* Yu-Gi-OhApi */;
			targetProxy = 8496E5BB2860612F0060A45A /* PBXContainerItemProxy */;
		};
		8496E5C62860612F0060A45A /* PBXTargetDependency */ = {
			isa = PBXTargetDependency;
			target = 8496E5A32860612D0060A45A /* Yu-Gi-OhApi */;
			targetProxy = 8496E5C52860612F0060A45A /* PBXContainerItemProxy */;
		};
/* End PBXTargetDependency section */

/* Begin PBXVariantGroup section */
		8496E5AD2860612D0060A45A /* Main.storyboard */ = {
			isa = PBXVariantGroup;
			children = (
				8496E5AE2860612D0060A45A /* Base */,
			);
			name = Main.storyboard;
			sourceTree = "<group>";
		};
		8496E5B22860612F0060A45A /* LaunchScreen.storyboard */ = {
			isa = PBXVariantGroup;
			children = (
				8496E5B32860612F0060A45A /* Base */,
			);
			name = LaunchScreen.storyboard;
			sourceTree = "<group>";
		};
/* End PBXVariantGroup section */

/* Begin XCBuildConfiguration section */
		8496E5CC2860612F0060A45A /* Debug */ = {
			isa = XCBuildConfiguration;
			buildSettings = {
				ALWAYS_SEARCH_USER_PATHS = NO;
				CLANG_ANALYZER_NONNULL = YES;
				CLANG_ANALYZER_NUMBER_OBJECT_CONVERSION = YES_AGGRESSIVE;
				CLANG_CXX_LANGUAGE_STANDARD = "gnu++17";
				CLANG_ENABLE_MODULES = YES;
				CLANG_ENABLE_OBJC_ARC = YES;
				CLANG_ENABLE_OBJC_WEAK = YES;
				CLANG_WARN_BLOCK_CAPTURE_AUTORELEASING = YES;
				CLANG_WARN_BOOL_CONVERSION = YES;
				CLANG_WARN_COMMA = YES;
				CLANG_WARN_CONSTANT_CONVERSION = YES;
				CLANG_WARN_DEPRECATED_OBJC_IMPLEMENTATIONS = YES;
				CLANG_WARN_DIRECT_OBJC_ISA_USAGE = YES_ERROR;
				CLANG_WARN_DOCUMENTATION_COMMENTS = YES;
				CLANG_WARN_EMPTY_BODY = YES;
				CLANG_WARN_ENUM_CONVERSION = YES;
				CLANG_WARN_INFINITE_RECURSION = YES;
				CLANG_WARN_INT_CONVERSION = YES;
				CLANG_WARN_NON_LITERAL_NULL_CONVERSION = YES;
				CLANG_WARN_OBJC_IMPLICIT_RETAIN_SELF = YES;
				CLANG_WARN_OBJC_LITERAL_CONVERSION = YES;
				CLANG_WARN_OBJC_ROOT_CLASS = YES_ERROR;
				CLANG_WARN_QUOTED_INCLUDE_IN_FRAMEWORK_HEADER = YES;
				CLANG_WARN_RANGE_LOOP_ANALYSIS = YES;
				CLANG_WARN_STRICT_PROTOTYPES = YES;
				CLANG_WARN_SUSPICIOUS_MOVE = YES;
				CLANG_WARN_UNGUARDED_AVAILABILITY = YES_AGGRESSIVE;
				CLANG_WARN_UNREACHABLE_CODE = YES;
				CLANG_WARN__DUPLICATE_METHOD_MATCH = YES;
				COPY_PHASE_STRIP = NO;
				DEBUG_INFORMATION_FORMAT = dwarf;
				ENABLE_STRICT_OBJC_MSGSEND = YES;
				ENABLE_TESTABILITY = YES;
				GCC_C_LANGUAGE_STANDARD = gnu11;
				GCC_DYNAMIC_NO_PIC = NO;
				GCC_NO_COMMON_BLOCKS = YES;
				GCC_OPTIMIZATION_LEVEL = 0;
				GCC_PREPROCESSOR_DEFINITIONS = (
					"DEBUG=1",
					"$(inherited)",
				);
				GCC_WARN_64_TO_32_BIT_CONVERSION = YES;
				GCC_WARN_ABOUT_RETURN_TYPE = YES_ERROR;
				GCC_WARN_UNDECLARED_SELECTOR = YES;
				GCC_WARN_UNINITIALIZED_AUTOS = YES_AGGRESSIVE;
				GCC_WARN_UNUSED_FUNCTION = YES;
				GCC_WARN_UNUSED_VARIABLE = YES;
				IPHONEOS_DEPLOYMENT_TARGET = 15.5;
				MTL_ENABLE_DEBUG_INFO = INCLUDE_SOURCE;
				MTL_FAST_MATH = YES;
				ONLY_ACTIVE_ARCH = YES;
				SDKROOT = iphoneos;
				SWIFT_ACTIVE_COMPILATION_CONDITIONS = DEBUG;
				SWIFT_OPTIMIZATION_LEVEL = "-Onone";
			};
			name = Debug;
		};
		8496E5CD2860612F0060A45A /* Release */ = {
			isa = XCBuildConfiguration;
			buildSettings = {
				ALWAYS_SEARCH_USER_PATHS = NO;
				CLANG_ANALYZER_NONNULL = YES;
				CLANG_ANALYZER_NUMBER_OBJECT_CONVERSION = YES_AGGRESSIVE;
				CLANG_CXX_LANGUAGE_STANDARD = "gnu++17";
				CLANG_ENABLE_MODULES = YES;
				CLANG_ENABLE_OBJC_ARC = YES;
				CLANG_ENABLE_OBJC_WEAK = YES;
				CLANG_WARN_BLOCK_CAPTURE_AUTORELEASING = YES;
				CLANG_WARN_BOOL_CONVERSION = YES;
				CLANG_WARN_COMMA = YES;
				CLANG_WARN_CONSTANT_CONVERSION = YES;
				CLANG_WARN_DEPRECATED_OBJC_IMPLEMENTATIONS = YES;
				CLANG_WARN_DIRECT_OBJC_ISA_USAGE = YES_ERROR;
				CLANG_WARN_DOCUMENTATION_COMMENTS = YES;
				CLANG_WARN_EMPTY_BODY = YES;
				CLANG_WARN_ENUM_CONVERSION = YES;
				CLANG_WARN_INFINITE_RECURSION = YES;
				CLANG_WARN_INT_CONVERSION = YES;
				CLANG_WARN_NON_LITERAL_NULL_CONVERSION = YES;
				CLANG_WARN_OBJC_IMPLICIT_RETAIN_SELF = YES;
				CLANG_WARN_OBJC_LITERAL_CONVERSION = YES;
				CLANG_WARN_OBJC_ROOT_CLASS = YES_ERROR;
				CLANG_WARN_QUOTED_INCLUDE_IN_FRAMEWORK_HEADER = YES;
				CLANG_WARN_RANGE_LOOP_ANALYSIS = YES;
				CLANG_WARN_STRICT_PROTOTYPES = YES;
				CLANG_WARN_SUSPICIOUS_MOVE = YES;
				CLANG_WARN_UNGUARDED_AVAILABILITY = YES_AGGRESSIVE;
				CLANG_WARN_UNREACHABLE_CODE = YES;
				CLANG_WARN__DUPLICATE_METHOD_MATCH = YES;
				COPY_PHASE_STRIP = NO;
				DEBUG_INFORMATION_FORMAT = "dwarf-with-dsym";
				ENABLE_NS_ASSERTIONS = NO;
				ENABLE_STRICT_OBJC_MSGSEND = YES;
				GCC_C_LANGUAGE_STANDARD = gnu11;
				GCC_NO_COMMON_BLOCKS = YES;
				GCC_WARN_64_TO_32_BIT_CONVERSION = YES;
				GCC_WARN_ABOUT_RETURN_TYPE = YES_ERROR;
				GCC_WARN_UNDECLARED_SELECTOR = YES;
				GCC_WARN_UNINITIALIZED_AUTOS = YES_AGGRESSIVE;
				GCC_WARN_UNUSED_FUNCTION = YES;
				GCC_WARN_UNUSED_VARIABLE = YES;
				IPHONEOS_DEPLOYMENT_TARGET = 15.5;
				MTL_ENABLE_DEBUG_INFO = NO;
				MTL_FAST_MATH = YES;
				SDKROOT = iphoneos;
				SWIFT_COMPILATION_MODE = wholemodule;
				SWIFT_OPTIMIZATION_LEVEL = "-O";
				VALIDATE_PRODUCT = YES;
			};
			name = Release;
		};
		8496E5CF2860612F0060A45A /* Debug */ = {
			isa = XCBuildConfiguration;
			buildSettings = {
				ASSETCATALOG_COMPILER_APPICON_NAME = AppIcon;
				ASSETCATALOG_COMPILER_GLOBAL_ACCENT_COLOR_NAME = AccentColor;
				CODE_SIGN_STYLE = Automatic;
				CURRENT_PROJECT_VERSION = 1;
				GENERATE_INFOPLIST_FILE = YES;
				INFOPLIST_FILE = "Yu-Gi-OhApi/Info.plist";
				INFOPLIST_KEY_UIApplicationSupportsIndirectInputEvents = YES;
				INFOPLIST_KEY_UILaunchStoryboardName = LaunchScreen;
				INFOPLIST_KEY_UIMainStoryboardFile = Main;
				INFOPLIST_KEY_UISupportedInterfaceOrientations_iPad = "UIInterfaceOrientationPortrait UIInterfaceOrientationPortraitUpsideDown UIInterfaceOrientationLandscapeLeft UIInterfaceOrientationLandscapeRight";
				INFOPLIST_KEY_UISupportedInterfaceOrientations_iPhone = "UIInterfaceOrientationPortrait UIInterfaceOrientationLandscapeLeft UIInterfaceOrientationLandscapeRight";
				LD_RUNPATH_SEARCH_PATHS = (
					"$(inherited)",
					"@executable_path/Frameworks",
				);
				MARKETING_VERSION = 1.0;
				PRODUCT_BUNDLE_IDENTIFIER = "itc.Yu-Gi-OhApi";
				PRODUCT_NAME = "$(TARGET_NAME)";
				SWIFT_EMIT_LOC_STRINGS = YES;
				SWIFT_VERSION = 5.0;
				TARGETED_DEVICE_FAMILY = "1,2";
			};
			name = Debug;
		};
		8496E5D02860612F0060A45A /* Release */ = {
			isa = XCBuildConfiguration;
			buildSettings = {
				ASSETCATALOG_COMPILER_APPICON_NAME = AppIcon;
				ASSETCATALOG_COMPILER_GLOBAL_ACCENT_COLOR_NAME = AccentColor;
				CODE_SIGN_STYLE = Automatic;
				CURRENT_PROJECT_VERSION = 1;
				GENERATE_INFOPLIST_FILE = YES;
				INFOPLIST_FILE = "Yu-Gi-OhApi/Info.plist";
				INFOPLIST_KEY_UIApplicationSupportsIndirectInputEvents = YES;
				INFOPLIST_KEY_UILaunchStoryboardName = LaunchScreen;
				INFOPLIST_KEY_UIMainStoryboardFile = Main;
				INFOPLIST_KEY_UISupportedInterfaceOrientations_iPad = "UIInterfaceOrientationPortrait UIInterfaceOrientationPortraitUpsideDown UIInterfaceOrientationLandscapeLeft UIInterfaceOrientationLandscapeRight";
				INFOPLIST_KEY_UISupportedInterfaceOrientations_iPhone = "UIInterfaceOrientationPortrait UIInterfaceOrientationLandscapeLeft UIInterfaceOrientationLandscapeRight";
				LD_RUNPATH_SEARCH_PATHS = (
					"$(inherited)",
					"@executable_path/Frameworks",
				);
				MARKETING_VERSION = 1.0;
				PRODUCT_BUNDLE_IDENTIFIER = "itc.Yu-Gi-OhApi";
				PRODUCT_NAME = "$(TARGET_NAME)";
				SWIFT_EMIT_LOC_STRINGS = YES;
				SWIFT_VERSION = 5.0;
				TARGETED_DEVICE_FAMILY = "1,2";
			};
			name = Release;
		};
		8496E5D22860612F0060A45A /* Debug */ = {
			isa = XCBuildConfiguration;
			buildSettings = {
				ALWAYS_EMBED_SWIFT_STANDARD_LIBRARIES = YES;
				BUNDLE_LOADER = "$(TEST_HOST)";
				CODE_SIGN_STYLE = Automatic;
				CURRENT_PROJECT_VERSION = 1;
				GENERATE_INFOPLIST_FILE = YES;
				IPHONEOS_DEPLOYMENT_TARGET = 15.5;
				MARKETING_VERSION = 1.0;
				PRODUCT_BUNDLE_IDENTIFIER = "itc.Yu-Gi-OhApiTests";
				PRODUCT_NAME = "$(TARGET_NAME)";
				SWIFT_EMIT_LOC_STRINGS = NO;
				SWIFT_VERSION = 5.0;
				TARGETED_DEVICE_FAMILY = "1,2";
				TEST_HOST = "$(BUILT_PRODUCTS_DIR)/Yu-Gi-OhApi.app/Yu-Gi-OhApi";
			};
			name = Debug;
		};
		8496E5D32860612F0060A45A /* Release */ = {
			isa = XCBuildConfiguration;
			buildSettings = {
				ALWAYS_EMBED_SWIFT_STANDARD_LIBRARIES = YES;
				BUNDLE_LOADER = "$(TEST_HOST)";
				CODE_SIGN_STYLE = Automatic;
				CURRENT_PROJECT_VERSION = 1;
				GENERATE_INFOPLIST_FILE = YES;
				IPHONEOS_DEPLOYMENT_TARGET = 15.5;
				MARKETING_VERSION = 1.0;
				PRODUCT_BUNDLE_IDENTIFIER = "itc.Yu-Gi-OhApiTests";
				PRODUCT_NAME = "$(TARGET_NAME)";
				SWIFT_EMIT_LOC_STRINGS = NO;
				SWIFT_VERSION = 5.0;
				TARGETED_DEVICE_FAMILY = "1,2";
				TEST_HOST = "$(BUILT_PRODUCTS_DIR)/Yu-Gi-OhApi.app/Yu-Gi-OhApi";
			};
			name = Release;
		};
		8496E5D52860612F0060A45A /* Debug */ = {
			isa = XCBuildConfiguration;
			buildSettings = {
				ALWAYS_EMBED_SWIFT_STANDARD_LIBRARIES = YES;
				CODE_SIGN_STYLE = Automatic;
				CURRENT_PROJECT_VERSION = 1;
				GENERATE_INFOPLIST_FILE = YES;
				MARKETING_VERSION = 1.0;
				PRODUCT_BUNDLE_IDENTIFIER = "itc.Yu-Gi-OhApiUITests";
				PRODUCT_NAME = "$(TARGET_NAME)";
				SWIFT_EMIT_LOC_STRINGS = NO;
				SWIFT_VERSION = 5.0;
				TARGETED_DEVICE_FAMILY = "1,2";
				TEST_TARGET_NAME = "Yu-Gi-OhApi";
			};
			name = Debug;
		};
		8496E5D62860612F0060A45A /* Release */ = {
			isa = XCBuildConfiguration;
			buildSettings = {
				ALWAYS_EMBED_SWIFT_STANDARD_LIBRARIES = YES;
				CODE_SIGN_STYLE = Automatic;
				CURRENT_PROJECT_VERSION = 1;
				GENERATE_INFOPLIST_FILE = YES;
				MARKETING_VERSION = 1.0;
				PRODUCT_BUNDLE_IDENTIFIER = "itc.Yu-Gi-OhApiUITests";
				PRODUCT_NAME = "$(TARGET_NAME)";
				SWIFT_EMIT_LOC_STRINGS = NO;
				SWIFT_VERSION = 5.0;
				TARGETED_DEVICE_FAMILY = "1,2";
				TEST_TARGET_NAME = "Yu-Gi-OhApi";
			};
			name = Release;
		};
/* End XCBuildConfiguration section */

/* Begin XCConfigurationList section */
		8496E59F2860612D0060A45A /* Build configuration list for PBXProject "Yu-Gi-OhApi" */ = {
			isa = XCConfigurationList;
			buildConfigurations = (
				8496E5CC2860612F0060A45A /* Debug */,
				8496E5CD2860612F0060A45A /* Release */,
			);
			defaultConfigurationIsVisible = 0;
			defaultConfigurationName = Release;
		};
		8496E5CE2860612F0060A45A /* Build configuration list for PBXNativeTarget "Yu-Gi-OhApi" */ = {
			isa = XCConfigurationList;
			buildConfigurations = (
				8496E5CF2860612F0060A45A /* Debug */,
				8496E5D02860612F0060A45A /* Release */,
			);
			defaultConfigurationIsVisible = 0;
			defaultConfigurationName = Release;
		};
		8496E5D12860612F0060A45A /* Build configuration list for PBXNativeTarget "Yu-Gi-OhApiTests" */ = {
			isa = XCConfigurationList;
			buildConfigurations = (
				8496E5D22860612F0060A45A /* Debug */,
				8496E5D32860612F0060A45A /* Release */,
			);
			defaultConfigurationIsVisible = 0;
			defaultConfigurationName = Release;
		};
		8496E5D42860612F0060A45A /* Build configuration list for PBXNativeTarget "Yu-Gi-OhApiUITests" */ = {
			isa = XCConfigurationList;
			buildConfigurations = (
				8496E5D52860612F0060A45A /* Debug */,
				8496E5D62860612F0060A45A /* Release */,
			);
			defaultConfigurationIsVisible = 0;
			defaultConfigurationName = Release;
		};
/* End XCConfigurationList section */
	};
	rootObject = 8496E59C2860612D0060A45A /* Project object */;
}
